
Microsoft Visual Studio Solution File, Format Version 12.00
# Visual Studio Version 17
VisualStudioVersion = 17.10.34928.147
MinimumVisualStudioVersion = 10.0.40219.1
Project("{FAE04EC0-301F-11D3-BF4B-00C04F79EFBC}") = "MDarrays", "MDarrays\MDarrays.csproj", "{AA540B90-374D-45AA-94CD-B736DFA5F405}"
EndProject
Global
	GlobalSection(SolutionConfigurationPlatforms) = preSolution
		Debug|Any CPU = Debug|Any CPU
		Release|Any CPU = Release|Any CPU
	EndGlobalSection
	GlobalSection(ProjectConfigurationPlatforms) = postSolution
		{AA540B90-374D-45AA-94CD-B736DFA5F405}.Debug|Any CPU.ActiveCfg = Debug|Any CPU
		{AA540B90-374D-45AA-94CD-B736DFA5F405}.Debug|Any CPU.Build.0 = Debug|Any CPU
		{AA540B90-374D-45AA-94CD-B736DFA5F405}.Release|Any CPU.ActiveCfg = Release|Any CPU
		{AA540B90-374D-45AA-94CD-B736DFA5F405}.Release|Any CPU.Build.0 = Release|Any CPU
	EndGlobalSection
	GlobalSection(SolutionProperties) = preSolution
		HideSolutionNode = FALSE
	EndGlobalSection
	GlobalSection(ExtensibilityGlobals) = postSolution
		SolutionGuid = {51FF6763-16C9-4AF3-80B0-ED934A857216}
	EndGlobalSection
EndGlobal
